
Microsoft Visual Studio Solution File, Format Version 12.00
# Visual Studio Version 16
VisualStudioVersion = 16.0.28803.202
MinimumVisualStudioVersion = 10.0.40219.1
Project("{E53339B2-1760-4266-BCC7-CA923CBCF16C}") = "docker-compose", "docker-compose.dcproj", "{B6AF4B8C-AA50-4083-9D3B-E107ACF7A48C}"
EndProject
Project("{FAE04EC0-301F-11D3-BF4B-00C04F79EFBC}") = "CarsService", "CarsService\CarsService.csproj", "{887D39DA-4D78-438F-8E1A-553ABEAF446B}"
EndProject
Project("{FAE04EC0-301F-11D3-BF4B-00C04F79EFBC}") = "CustomersService", "CustomersService\CustomersService.csproj", "{BA7021B6-435C-4B65-832B-200A35F69FA1}"
EndProject
Project("{FAE04EC0-301F-11D3-BF4B-00C04F79EFBC}") = "CarRentalService", "CarRentalService\CarRentalService.csproj", "{C1F7267A-EBFD-4B6E-9A29-B924786EAAD7}"
EndProject
Global
	GlobalSection(SolutionConfigurationPlatforms) = preSolution
		Debug|Any CPU = Debug|Any CPU
		Release|Any CPU = Release|Any CPU
	EndGlobalSection
	GlobalSection(ProjectConfigurationPlatforms) = postSolution
		{B6AF4B8C-AA50-4083-9D3B-E107ACF7A48C}.Debug|Any CPU.ActiveCfg = Debug|Any CPU
		{B6AF4B8C-AA50-4083-9D3B-E107ACF7A48C}.Debug|Any CPU.Build.0 = Debug|Any CPU
		{B6AF4B8C-AA50-4083-9D3B-E107ACF7A48C}.Release|Any CPU.ActiveCfg = Release|Any CPU
		{B6AF4B8C-AA50-4083-9D3B-E107ACF7A48C}.Release|Any CPU.Build.0 = Release|Any CPU
		{887D39DA-4D78-438F-8E1A-553ABEAF446B}.Debug|Any CPU.ActiveCfg = Debug|Any CPU
		{887D39DA-4D78-438F-8E1A-553ABEAF446B}.Debug|Any CPU.Build.0 = Debug|Any CPU
		{887D39DA-4D78-438F-8E1A-553ABEAF446B}.Release|Any CPU.ActiveCfg = Release|Any CPU
		{887D39DA-4D78-438F-8E1A-553ABEAF446B}.Release|Any CPU.Build.0 = Release|Any CPU
		{BA7021B6-435C-4B65-832B-200A35F69FA1}.Debug|Any CPU.ActiveCfg = Debug|Any CPU
		{BA7021B6-435C-4B65-832B-200A35F69FA1}.Debug|Any CPU.Build.0 = Debug|Any CPU
		{BA7021B6-435C-4B65-832B-200A35F69FA1}.Release|Any CPU.ActiveCfg = Release|Any CPU
		{BA7021B6-435C-4B65-832B-200A35F69FA1}.Release|Any CPU.Build.0 = Release|Any CPU
		{C1F7267A-EBFD-4B6E-9A29-B924786EAAD7}.Debug|Any CPU.ActiveCfg = Debug|Any CPU
		{C1F7267A-EBFD-4B6E-9A29-B924786EAAD7}.Debug|Any CPU.Build.0 = Debug|Any CPU
		{C1F7267A-EBFD-4B6E-9A29-B924786EAAD7}.Release|Any CPU.ActiveCfg = Release|Any CPU
		{C1F7267A-EBFD-4B6E-9A29-B924786EAAD7}.Release|Any CPU.Build.0 = Release|Any CPU
	EndGlobalSection
	GlobalSection(SolutionProperties) = preSolution
		HideSolutionNode = FALSE
	EndGlobalSection
	GlobalSection(ExtensibilityGlobals) = postSolution
		SolutionGuid = {FE81A347-528E-40CA-9044-C5B1B580A33C}
	EndGlobalSection
EndGlobal
